Microsoft Visual Studio Solution File, Format Version 12.00
# Visual Studio Version 17
VisualStudioVersion = 17.0.31903.59
MinimumVisualStudioVersion = 10.0.40219.1
Project("{FAE04EC0-301F-11D3-BF4B-00C04F79EFBC}") = "Light.TemporaryStreams.Core", "src\Light.TemporaryStreams.Core\Light.TemporaryStreams.Core.csproj", "{C86E6D31-A10A-4B61-B490-5A7AC4451BA5}"
EndProject
Project("{FAE04EC0-301F-11D3-BF4B-00C04F79EFBC}") = "Light.TemporaryStreams.Core.Tests", "tests\Light.TemporaryStreams.Core.Tests\Light.TemporaryStreams.Core.Tests.csproj", "{4D6B4F48-1E4B-4ACA-9F32-829442DB5E56}"
EndProject
Project("{2150E333-8FDC-42A3-9474-1A3956D46DE8}") = "SolutionItems", "SolutionItems", "{73CAF5D7-5150-498F-978D-5D5D16E227FF}"
	ProjectSection(SolutionItems) = preProject
		.gitignore = .gitignore
		Directory.Build.props = Directory.Build.props
		LICENSE = LICENSE
		.editorconfig = .editorconfig
		Light.TemporaryStreams.sln.DotSettings = Light.TemporaryStreams.sln.DotSettings
		Directory.Packages.props = Directory.Packages.props
		global.json = global.json
	EndProjectSection
EndProject
Project("{2150E333-8FDC-42A3-9474-1A3956D46DE8}") = ".github", ".github", "{677E4EE1-7062-46AB-81FF-8D20E9316ED6}"
EndProject
Project("{2150E333-8FDC-42A3-9474-1A3956D46DE8}") = "workflows", "workflows", "{05D48EEC-A2AB-4143-9533-A633E7B25EA3}"
	ProjectSection(SolutionItems) = preProject
		.github\workflows\build-and-test.yml = .github\workflows\build-and-test.yml
	EndProjectSection
EndProject
Project("{2150E333-8FDC-42A3-9474-1A3956D46DE8}") = "src", "src", "{048D0C61-6CF0-43E6-B7DB-1FDD8F791D57}"
	ProjectSection(SolutionItems) = preProject
		src\Directory.Build.props = src\Directory.Build.props
	EndProjectSection
EndProject
Project("{2150E333-8FDC-42A3-9474-1A3956D46DE8}") = "tests", "tests", "{DA93B299-75F5-4A49-B2A6-4A1247047E5E}"
EndProject
Project("{FAE04EC0-301F-11D3-BF4B-00C04F79EFBC}") = "Light.TemporaryStreams", "src\Light.TemporaryStreams\Light.TemporaryStreams.csproj", "{61725DD8-D81C-4EC0-A0A1-63D96A87DAC1}"
EndProject
Global
	GlobalSection(SolutionConfigurationPlatforms) = preSolution
		Debug|Any CPU = Debug|Any CPU
		Debug|x64 = Debug|x64
		Debug|x86 = Debug|x86
		Release|Any CPU = Release|Any CPU
		Release|x64 = Release|x64
		Release|x86 = Release|x86
	EndGlobalSection
	GlobalSection(ProjectConfigurationPlatforms) = postSolution
		{C86E6D31-A10A-4B61-B490-5A7AC4451BA5}.Debug|Any CPU.ActiveCfg = Debug|Any CPU
		{C86E6D31-A10A-4B61-B490-5A7AC4451BA5}.Debug|Any CPU.Build.0 = Debug|Any CPU
		{C86E6D31-A10A-4B61-B490-5A7AC4451BA5}.Debug|x64.ActiveCfg = Debug|Any CPU
		{C86E6D31-A10A-4B61-B490-5A7AC4451BA5}.Debug|x64.Build.0 = Debug|Any CPU
		{C86E6D31-A10A-4B61-B490-5A7AC4451BA5}.Debug|x86.ActiveCfg = Debug|Any CPU
		{C86E6D31-A10A-4B61-B490-5A7AC4451BA5}.Debug|x86.Build.0 = Debug|Any CPU
		{C86E6D31-A10A-4B61-B490-5A7AC4451BA5}.Release|Any CPU.ActiveCfg = Release|Any CPU
		{C86E6D31-A10A-4B61-B490-5A7AC4451BA5}.Release|Any CPU.Build.0 = Release|Any CPU
		{C86E6D31-A10A-4B61-B490-5A7AC4451BA5}.Release|x64.ActiveCfg = Release|Any CPU
		{C86E6D31-A10A-4B61-B490-5A7AC4451BA5}.Release|x64.Build.0 = Release|Any CPU
		{C86E6D31-A10A-4B61-B490-5A7AC4451BA5}.Release|x86.ActiveCfg = Release|Any CPU
		{C86E6D31-A10A-4B61-B490-5A7AC4451BA5}.Release|x86.Build.0 = Release|Any CPU
		{4D6B4F48-1E4B-4ACA-9F32-829442DB5E56}.Debug|Any CPU.ActiveCfg = Debug|Any CPU
		{4D6B4F48-1E4B-4ACA-9F32-829442DB5E56}.Debug|Any CPU.Build.0 = Debug|Any CPU
		{4D6B4F48-1E4B-4ACA-9F32-829442DB5E56}.Debug|x64.ActiveCfg = Debug|Any CPU
		{4D6B4F48-1E4B-4ACA-9F32-829442DB5E56}.Debug|x64.Build.0 = Debug|Any CPU
		{4D6B4F48-1E4B-4ACA-9F32-829442DB5E56}.Debug|x86.ActiveCfg = Debug|Any CPU
		{4D6B4F48-1E4B-4ACA-9F32-829442DB5E56}.Debug|x86.Build.0 = Debug|Any CPU
		{4D6B4F48-1E4B-4ACA-9F32-829442DB5E56}.Release|Any CPU.ActiveCfg = Release|Any CPU
		{4D6B4F48-1E4B-4ACA-9F32-829442DB5E56}.Release|Any CPU.Build.0 = Release|Any CPU
		{4D6B4F48-1E4B-4ACA-9F32-829442DB5E56}.Release|x64.ActiveCfg = Release|Any CPU
		{4D6B4F48-1E4B-4ACA-9F32-829442DB5E56}.Release|x64.Build.0 = Release|Any CPU
		{4D6B4F48-1E4B-4ACA-9F32-829442DB5E56}.Release|x86.ActiveCfg = Release|Any CPU
		{4D6B4F48-1E4B-4ACA-9F32-829442DB5E56}.Release|x86.Build.0 = Release|Any CPU
		{61725DD8-D81C-4EC0-A0A1-63D96A87DAC1}.Debug|Any CPU.ActiveCfg = Debug|Any CPU
		{61725DD8-D81C-4EC0-A0A1-63D96A87DAC1}.Debug|Any CPU.Build.0 = Debug|Any CPU
		{61725DD8-D81C-4EC0-A0A1-63D96A87DAC1}.Debug|x64.ActiveCfg = Debug|Any CPU
		{61725DD8-D81C-4EC0-A0A1-63D96A87DAC1}.Debug|x64.Build.0 = Debug|Any CPU
		{61725DD8-D81C-4EC0-A0A1-63D96A87DAC1}.Debug|x86.ActiveCfg = Debug|Any CPU
		{61725DD8-D81C-4EC0-A0A1-63D96A87DAC1}.Debug|x86.Build.0 = Debug|Any CPU
		{61725DD8-D81C-4EC0-A0A1-63D96A87DAC1}.Release|Any CPU.ActiveCfg = Release|Any CPU
		{61725DD8-D81C-4EC0-A0A1-63D96A87DAC1}.Release|Any CPU.Build.0 = Release|Any CPU
		{61725DD8-D81C-4EC0-A0A1-63D96A87DAC1}.Release|x64.ActiveCfg = Release|Any CPU
		{61725DD8-D81C-4EC0-A0A1-63D96A87DAC1}.Release|x64.Build.0 = Release|Any CPU
		{61725DD8-D81C-4EC0-A0A1-63D96A87DAC1}.Release|x86.ActiveCfg = Release|Any CPU
		{61725DD8-D81C-4EC0-A0A1-63D96A87DAC1}.Release|x86.Build.0 = Release|Any CPU
	EndGlobalSection
	GlobalSection(SolutionProperties) = preSolution
		HideSolutionNode = FALSE
	EndGlobalSection
	GlobalSection(NestedProjects) = preSolution
		{05D48EEC-A2AB-4143-9533-A633E7B25EA3} = {677E4EE1-7062-46AB-81FF-8D20E9316ED6}
		{C86E6D31-A10A-4B61-B490-5A7AC4451BA5} = {048D0C61-6CF0-43E6-B7DB-1FDD8F791D57}
		{4D6B4F48-1E4B-4ACA-9F32-829442DB5E56} = {DA93B299-75F5-4A49-B2A6-4A1247047E5E}
		{61725DD8-D81C-4EC0-A0A1-63D96A87DAC1} = {048D0C61-6CF0-43E6-B7DB-1FDD8F791D57}
	EndGlobalSection
EndGlobal
